
Microsoft Visual Studio Solution File, Format Version 12.00
# Visual Studio 2012
Project("{FAE04EC0-301F-11D3-BF4B-00C04F79EFBC}") = "MangaExtractor", "MangaExtractor\MangaExtractor.csproj", "{D93C9603-782A-4D73-BF50-9C5295A75D65}"
EndProject
Project("{FAE04EC0-301F-11D3-BF4B-00C04F79EFBC}") = "VolumeSorted", "VolumeSorted\VolumeSorted.csproj", "{4D19D1AF-681D-4DFD-B316-95B605ED5A99}"
EndProject
Project("{FAE04EC0-301F-11D3-BF4B-00C04F79EFBC}") = "Launcher", "Launcher\Launcher.csproj", "{52F4814C-FBE5-4446-8E6C-394863FEB6BE}"
EndProject
Project("{FAE04EC0-301F-11D3-BF4B-00C04F79EFBC}") = "LauncherWithUI", "NewExtractorWithUI\LauncherWithUI.csproj", "{7F643C0C-928B-4CA7-BB4D-46A1DB2EE637}"
EndProject
Global
	GlobalSection(SolutionConfigurationPlatforms) = preSolution
		Debug|Any CPU = Debug|Any CPU
		Release|Any CPU = Release|Any CPU
	EndGlobalSection
	GlobalSection(ProjectConfigurationPlatforms) = postSolution
		{D93C9603-782A-4D73-BF50-9C5295A75D65}.Debug|Any CPU.ActiveCfg = Debug|Any CPU
		{D93C9603-782A-4D73-BF50-9C5295A75D65}.Debug|Any CPU.Build.0 = Debug|Any CPU
		{D93C9603-782A-4D73-BF50-9C5295A75D65}.Release|Any CPU.ActiveCfg = Release|Any CPU
		{D93C9603-782A-4D73-BF50-9C5295A75D65}.Release|Any CPU.Build.0 = Release|Any CPU
		{4D19D1AF-681D-4DFD-B316-95B605ED5A99}.Debug|Any CPU.ActiveCfg = Debug|Any CPU
		{4D19D1AF-681D-4DFD-B316-95B605ED5A99}.Debug|Any CPU.Build.0 = Debug|Any CPU
		{4D19D1AF-681D-4DFD-B316-95B605ED5A99}.Release|Any CPU.ActiveCfg = Release|Any CPU
		{4D19D1AF-681D-4DFD-B316-95B605ED5A99}.Release|Any CPU.Build.0 = Release|Any CPU
		{52F4814C-FBE5-4446-8E6C-394863FEB6BE}.Debug|Any CPU.ActiveCfg = Debug|Any CPU
		{52F4814C-FBE5-4446-8E6C-394863FEB6BE}.Debug|Any CPU.Build.0 = Debug|Any CPU
		{52F4814C-FBE5-4446-8E6C-394863FEB6BE}.Release|Any CPU.ActiveCfg = Release|Any CPU
		{52F4814C-FBE5-4446-8E6C-394863FEB6BE}.Release|Any CPU.Build.0 = Release|Any CPU
		{7F643C0C-928B-4CA7-BB4D-46A1DB2EE637}.Debug|Any CPU.ActiveCfg = Debug|Any CPU
		{7F643C0C-928B-4CA7-BB4D-46A1DB2EE637}.Debug|Any CPU.Build.0 = Debug|Any CPU
		{7F643C0C-928B-4CA7-BB4D-46A1DB2EE637}.Release|Any CPU.ActiveCfg = Release|Any CPU
		{7F643C0C-928B-4CA7-BB4D-46A1DB2EE637}.Release|Any CPU.Build.0 = Release|Any CPU
	EndGlobalSection
	GlobalSection(SolutionProperties) = preSolution
		HideSolutionNode = FALSE
	EndGlobalSection
EndGlobal
